
Microsoft Visual Studio Solution File, Format Version 12.00
# Visual Studio Version 17
VisualStudioVersion = 17.14.36327.8 d17.14
MinimumVisualStudioVersion = 10.0.40219.1
Project("{FAE04EC0-301F-11D3-BF4B-00C04F79EFBC}") = "JwtAuthDotNet9", "JwtAuthDotNet9\JwtAuthDotNet9.csproj", "{269517E1-14DB-4C3E-9BB0-B22E604F196D}"
EndProject
Global
	GlobalSection(SolutionConfigurationPlatforms) = preSolution
		Debug|Any CPU = Debug|Any CPU
		Release|Any CPU = Release|Any CPU
	EndGlobalSection
	GlobalSection(ProjectConfigurationPlatforms) = postSolution
		{269517E1-14DB-4C3E-9BB0-B22E604F196D}.Debug|Any CPU.ActiveCfg = Debug|Any CPU
		{269517E1-14DB-4C3E-9BB0-B22E604F196D}.Debug|Any CPU.Build.0 = Debug|Any CPU
		{269517E1-14DB-4C3E-9BB0-B22E604F196D}.Release|Any CPU.ActiveCfg = Release|Any CPU
		{269517E1-14DB-4C3E-9BB0-B22E604F196D}.Release|Any CPU.Build.0 = Release|Any CPU
	EndGlobalSection
	GlobalSection(SolutionProperties) = preSolution
		HideSolutionNode = FALSE
	EndGlobalSection
	GlobalSection(ExtensibilityGlobals) = postSolution
		SolutionGuid = {F780DF23-9519-410C-9B70-CA885E84592A}
	EndGlobalSection
EndGlobal
