
Microsoft Visual Studio Solution File, Format Version 12.00
# Visual Studio Version 17
VisualStudioVersion = 17.14.36408.4 d17.14
MinimumVisualStudioVersion = 10.0.40219.1
Project("{FAE04EC0-301F-11D3-BF4B-00C04F79EFBC}") = "SuperHeroAPI-DotNet8", "SuperHeroAPI-DotNet8\SuperHeroAPI-DotNet8.csproj", "{9EC86747-4023-4581-A61C-3546482DD566}"
EndProject
Global
	GlobalSection(SolutionConfigurationPlatforms) = preSolution
		Debug|Any CPU = Debug|Any CPU
		Release|Any CPU = Release|Any CPU
	EndGlobalSection
	GlobalSection(ProjectConfigurationPlatforms) = postSolution
		{9EC86747-4023-4581-A61C-3546482DD566}.Debug|Any CPU.ActiveCfg = Debug|Any CPU
		{9EC86747-4023-4581-A61C-3546482DD566}.Debug|Any CPU.Build.0 = Debug|Any CPU
		{9EC86747-4023-4581-A61C-3546482DD566}.Release|Any CPU.ActiveCfg = Release|Any CPU
		{9EC86747-4023-4581-A61C-3546482DD566}.Release|Any CPU.Build.0 = Release|Any CPU
	EndGlobalSection
	GlobalSection(SolutionProperties) = preSolution
		HideSolutionNode = FALSE
	EndGlobalSection
	GlobalSection(ExtensibilityGlobals) = postSolution
		SolutionGuid = {BBA921FB-2C79-4532-97DB-94CBC9EDDB05}
	EndGlobalSection
EndGlobal
